// !$*UTF8*$!
{
	archiveVersion = 1;
	classes = {
	};
	objectVersion = 50;
	objects = {

/* Begin PBXBuildFile section */
		765E93A5263F7F32006DA3A5 /* MenuAPIViewController.swift in Sources */ = {isa = PBXBuildFile; fileRef = 765E93A4263F7F32006DA3A5 /* MenuAPIViewController.swift */; };
		765E93A9263F82F1006DA3A5 /* InserirViewController.swift in Sources */ = {isa = PBXBuildFile; fileRef = 765E93A8263F82F1006DA3A5 /* InserirViewController.swift */; };
		765E93AC263F92F2006DA3A5 /* ListaTableViewController.swift in Sources */ = {isa = PBXBuildFile; fileRef = 765E93AB263F92F2006DA3A5 /* ListaTableViewController.swift */; };
		767C0C23263C6D80005CD350 /* AppDelegate.swift in Sources */ = {isa = PBXBuildFile; fileRef = 767C0C22263C6D80005CD350 /* AppDelegate.swift */; };
		767C0C25263C6D80005CD350 /* SceneDelegate.swift in Sources */ = {isa = PBXBuildFile; fileRef = 767C0C24263C6D80005CD350 /* SceneDelegate.swift */; };
		767C0C27263C6D80005CD350 /* ViewController.swift in Sources */ = {isa = PBXBuildFile; fileRef = 767C0C26263C6D80005CD350 /* ViewController.swift */; };
		767C0C2A263C6D80005CD350 /* Main.storyboard in Resources */ = {isa = PBXBuildFile; fileRef = 767C0C28263C6D80005CD350 /* Main.storyboard */; };
		767C0C2C263C6D83005CD350 /* Assets.xcassets in Resources */ = {isa = PBXBuildFile; fileRef = 767C0C2B263C6D83005CD350 /* Assets.xcassets */; };
		767C0C2F263C6D83005CD350 /* LaunchScreen.storyboard in Resources */ = {isa = PBXBuildFile; fileRef = 767C0C2D263C6D83005CD350 /* LaunchScreen.storyboard */; };
		767C0C38263C7018005CD350 /* FuncaoAPI.swift in Sources */ = {isa = PBXBuildFile; fileRef = 767C0C37263C7018005CD350 /* FuncaoAPI.swift */; };
		76C33999263F42A400AB4276 /* AuthViewController.swift in Sources */ = {isa = PBXBuildFile; fileRef = 76C33998263F42A400AB4276 /* AuthViewController.swift */; };
/* End PBXBuildFile section */

/* Begin PBXFileReference section */
		765E93A4263F7F32006DA3A5 /* MenuAPIViewController.swift */ = {isa = PBXFileReference; lastKnownFileType = sourcecode.swift; path = MenuAPIViewController.swift; sourceTree = "<group>"; };
		765E93A8263F82F1006DA3A5 /* InserirViewController.swift */ = {isa = PBXFileReference; lastKnownFileType = sourcecode.swift; path = InserirViewController.swift; sourceTree = "<group>"; };
		765E93AB263F92F2006DA3A5 /* ListaTableViewController.swift */ = {isa = PBXFileReference; lastKnownFileType = sourcecode.swift; path = ListaTableViewController.swift; sourceTree = "<group>"; };
		767C0C1F263C6D80005CD350 /* TestantoAPI.app */ = {isa = PBXFileReference; explicitFileType = wrapper.application; includeInIndex = 0; path = TestantoAPI.app; sourceTree = BUILT_PRODUCTS_DIR; };
		767C0C22263C6D80005CD350 /* AppDelegate.swift */ = {isa = PBXFileReference; lastKnownFileType = sourcecode.swift; path = AppDelegate.swift; sourceTree = "<group>"; };
		767C0C24263C6D80005CD350 /* SceneDelegate.swift */ = {isa = PBXFileReference; lastKnownFileType = sourcecode.swift; path = SceneDelegate.swift; sourceTree = "<group>"; };
		767C0C26263C6D80005CD350 /* ViewController.swift */ = {isa = PBXFileReference; lastKnownFileType = sourcecode.swift; path = ViewController.swift; sourceTree = "<group>"; };
		767C0C29263C6D80005CD350 /* Base */ = {isa = PBXFileReference; lastKnownFileType = file.storyboard; name = Base; path = Base.lproj/Main.storyboard; sourceTree = "<group>"; };
		767C0C2B263C6D83005CD350 /* Assets.xcassets */ = {isa = PBXFileReference; lastKnownFileType = folder.assetcatalog; path = Assets.xcassets; sourceTree = "<group>"; };
		767C0C2E263C6D83005CD350 /* Base */ = {isa = PBXFileReference; lastKnownFileType = file.storyboard; name = Base; path = Base.lproj/LaunchScreen.storyboard; sourceTree = "<group>"; };
		767C0C30263C6D83005CD350 /* Info.plist */ = {isa = PBXFileReference; lastKnownFileType = text.plist.xml; path = Info.plist; sourceTree = "<group>"; };
		767C0C37263C7018005CD350 /* FuncaoAPI.swift */ = {isa = PBXFileReference; lastKnownFileType = sourcecode.swift; path = FuncaoAPI.swift; sourceTree = "<group>"; };
		76C33998263F42A400AB4276 /* AuthViewController.swift */ = {isa = PBXFileReference; lastKnownFileType = sourcecode.swift; path = AuthViewController.swift; sourceTree = "<group>"; };
/* End PBXFileReference section */

/* Begin PBXFrameworksBuildPhase section */
		767C0C1C263C6D80005CD350 /* Frameworks */ = {
			isa = PBXFrameworksBuildPhase;
			buildActionMask = 2147483647;
			files = (
			);
			runOnlyForDeploymentPostprocessing = 0;
		};
/* End PBXFrameworksBuildPhase section */

/* Begin PBXGroup section */
		765E93A7263F82CC006DA3A5 /* FuncionalidadesAPI */ = {
			isa = PBXGroup;
			children = (
				765E93A8263F82F1006DA3A5 /* InserirViewController.swift */,
				765E93AB263F92F2006DA3A5 /* ListaTableViewController.swift */,
			);
			path = FuncionalidadesAPI;
			sourceTree = "<group>";
		};
		767C0C16263C6D80005CD350 = {
			isa = PBXGroup;
			children = (
				767C0C21263C6D80005CD350 /* TestantoAPI */,
				767C0C20263C6D80005CD350 /* Products */,
			);
			sourceTree = "<group>";
		};
		767C0C20263C6D80005CD350 /* Products */ = {
			isa = PBXGroup;
			children = (
				767C0C1F263C6D80005CD350 /* TestantoAPI.app */,
			);
			name = Products;
			sourceTree = "<group>";
		};
		767C0C21263C6D80005CD350 /* TestantoAPI */ = {
			isa = PBXGroup;
			children = (
				765E93A7263F82CC006DA3A5 /* FuncionalidadesAPI */,
				76C33995263F416000AB4276 /* Views */,
				767C0C22263C6D80005CD350 /* AppDelegate.swift */,
				767C0C24263C6D80005CD350 /* SceneDelegate.swift */,
				767C0C26263C6D80005CD350 /* ViewController.swift */,
				767C0C28263C6D80005CD350 /* Main.storyboard */,
				767C0C2B263C6D83005CD350 /* Assets.xcassets */,
				767C0C2D263C6D83005CD350 /* LaunchScreen.storyboard */,
				767C0C30263C6D83005CD350 /* Info.plist */,
				767C0C37263C7018005CD350 /* FuncaoAPI.swift */,
			);
			path = TestantoAPI;
			sourceTree = "<group>";
		};
		76C33995263F416000AB4276 /* Views */ = {
			isa = PBXGroup;
			children = (
				76C33998263F42A400AB4276 /* AuthViewController.swift */,
				765E93A4263F7F32006DA3A5 /* MenuAPIViewController.swift */,
			);
			path = Views;
			sourceTree = "<group>";
		};
/* End PBXGroup section */

/* Begin PBXNativeTarget section */
		767C0C1E263C6D80005CD350 /* TestantoAPI */ = {
			isa = PBXNativeTarget;
			buildConfigurationList = 767C0C33263C6D83005CD350 /* Build configuration list for PBXNativeTarget "TestantoAPI" */;
			buildPhases = (
				767C0C1B263C6D80005CD350 /* Sources */,
				767C0C1C263C6D80005CD350 /* Frameworks */,
				767C0C1D263C6D80005CD350 /* Resources */,
			);
			buildRules = (
			);
			dependencies = (
			);
			name = TestantoAPI;
			productName = TestantoAPI;
			productReference = 767C0C1F263C6D80005CD350 /* TestantoAPI.app */;
			productType = "com.apple.product-type.application";
		};
/* End PBXNativeTarget section */

/* Begin PBXProject section */
		767C0C17263C6D80005CD350 /* Project object */ = {
			isa = PBXProject;
			attributes = {
				LastSwiftUpdateCheck = 1240;
				LastUpgradeCheck = 1240;
				TargetAttributes = {
					767C0C1E263C6D80005CD350 = {
						CreatedOnToolsVersion = 12.4;
					};
				};
			};
			buildConfigurationList = 767C0C1A263C6D80005CD350 /* Build configuration list for PBXProject "TestantoAPI" */;
			compatibilityVersion = "Xcode 9.3";
			developmentRegion = en;
			hasScannedForEncodings = 0;
			knownRegions = (
				en,
				Base,
			);
			mainGroup = 767C0C16263C6D80005CD350;
			productRefGroup = 767C0C20263C6D80005CD350 /* Products */;
			projectDirPath = "";
			projectRoot = "";
			targets = (
				767C0C1E263C6D80005CD350 /* TestantoAPI */,
			);
		};
/* End PBXProject section */

/* Begin PBXResourcesBuildPhase section */
		767C0C1D263C6D80005CD350 /* Resources */ = {
			isa = PBXResourcesBuildPhase;
			buildActionMask = 2147483647;
			files = (
				767C0C2F263C6D83005CD350 /* LaunchScreen.storyboard in Resources */,
				767C0C2C263C6D83005CD350 /* Assets.xcassets in Resources */,
				767C0C2A263C6D80005CD350 /* Main.storyboard in Resources */,
			);
			runOnlyForDeploymentPostprocessing = 0;
		};
/* End PBXResourcesBuildPhase section */

/* Begin PBXSourcesBuildPhase section */
		767C0C1B263C6D80005CD350 /* Sources */ = {
			isa = PBXSourcesBuildPhase;
			buildActionMask = 2147483647;
			files = (
				765E93A9263F82F1006DA3A5 /* InserirViewController.swift in Sources */,
				765E93A5263F7F32006DA3A5 /* MenuAPIViewController.swift in Sources */,
				767C0C38263C7018005CD350 /* FuncaoAPI.swift in Sources */,
				767C0C27263C6D80005CD350 /* ViewController.swift in Sources */,
				76C33999263F42A400AB4276 /* AuthViewController.swift in Sources */,
				765E93AC263F92F2006DA3A5 /* ListaTableViewController.swift in Sources */,
				767C0C23263C6D80005CD350 /* AppDelegate.swift in Sources */,
				767C0C25263C6D80005CD350 /* SceneDelegate.swift in Sources */,
			);
			runOnlyForDeploymentPostprocessing = 0;
		};
/* End PBXSourcesBuildPhase section */

/* Begin PBXVariantGroup section */
		767C0C28263C6D80005CD350 /* Main.storyboard */ = {
			isa = PBXVariantGroup;
			children = (
				767C0C29263C6D80005CD350 /* Base */,
			);
			name = Main.storyboard;
			sourceTree = "<group>";
		};
		767C0C2D263C6D83005CD350 /* LaunchScreen.storyboard */ = {
			isa = PBXVariantGroup;
			children = (
				767C0C2E263C6D83005CD350 /* Base */,
			);
			name = LaunchScreen.storyboard;
			sourceTree = "<group>";
		};
/* End PBXVariantGroup section */

/* Begin XCBuildConfiguration section */
		767C0C31263C6D83005CD350 /* Debug */ = {
			isa = XCBuildConfiguration;
			buildSettings = {
				ALWAYS_SEARCH_USER_PATHS = NO;
				CLANG_ANALYZER_NONNULL = YES;
				CLANG_ANALYZER_NUMBER_OBJECT_CONVERSION = YES_AGGRESSIVE;
				CLANG_CXX_LANGUAGE_STANDARD = "gnu++14";
				CLANG_CXX_LIBRARY = "libc++";
				CLANG_ENABLE_MODULES = YES;
				CLANG_ENABLE_OBJC_ARC = YES;
				CLANG_ENABLE_OBJC_WEAK = YES;
				CLANG_WARN_BLOCK_CAPTURE_AUTORELEASING = YES;
				CLANG_WARN_BOOL_CONVERSION = YES;
				CLANG_WARN_COMMA = YES;
				CLANG_WARN_CONSTANT_CONVERSION = YES;
				CLANG_WARN_DEPRECATED_OBJC_IMPLEMENTATIONS = YES;
				CLANG_WARN_DIRECT_OBJC_ISA_USAGE = YES_ERROR;
				CLANG_WARN_DOCUMENTATION_COMMENTS = YES;
				CLANG_WARN_EMPTY_BODY = YES;
				CLANG_WARN_ENUM_CONVERSION = YES;
				CLANG_WARN_INFINITE_RECURSION = YES;
				CLANG_WARN_INT_CONVERSION = YES;
				CLANG_WARN_NON_LITERAL_NULL_CONVERSION = YES;
				CLANG_WARN_OBJC_IMPLICIT_RETAIN_SELF = YES;
				CLANG_WARN_OBJC_LITERAL_CONVERSION = YES;
				CLANG_WARN_OBJC_ROOT_CLASS = YES_ERROR;
				CLANG_WARN_QUOTED_INCLUDE_IN_FRAMEWORK_HEADER = YES;
				CLANG_WARN_RANGE_LOOP_ANALYSIS = YES;
				CLANG_WARN_STRICT_PROTOTYPES = YES;
				CLANG_WARN_SUSPICIOUS_MOVE = YES;
				CLANG_WARN_UNGUARDED_AVAILABILITY = YES_AGGRESSIVE;
				CLANG_WARN_UNREACHABLE_CODE = YES;
				CLANG_WARN__DUPLICATE_METHOD_MATCH = YES;
				COPY_PHASE_STRIP = NO;
				DEBUG_INFORMATION_FORMAT = dwarf;
				ENABLE_STRICT_OBJC_MSGSEND = YES;
				ENABLE_TESTABILITY = YES;
				GCC_C_LANGUAGE_STANDARD = gnu11;
				GCC_DYNAMIC_NO_PIC = NO;
				GCC_NO_COMMON_BLOCKS = YES;
				GCC_OPTIMIZATION_LEVEL = 0;
				GCC_PREPROCESSOR_DEFINITIONS = (
					"DEBUG=1",
					"$(inherited)",
				);
				GCC_WARN_64_TO_32_BIT_CONVERSION = YES;
				GCC_WARN_ABOUT_RETURN_TYPE = YES_ERROR;
				GCC_WARN_UNDECLARED_SELECTOR = YES;
				GCC_WARN_UNINITIALIZED_AUTOS = YES_AGGRESSIVE;
				GCC_WARN_UNUSED_FUNCTION = YES;
				GCC_WARN_UNUSED_VARIABLE = YES;
				IPHONEOS_DEPLOYMENT_TARGET = 14.4;
				MTL_ENABLE_DEBUG_INFO = INCLUDE_SOURCE;
				MTL_FAST_MATH = YES;
				ONLY_ACTIVE_ARCH = YES;
				SDKROOT = iphoneos;
				SWIFT_ACTIVE_COMPILATION_CONDITIONS = DEBUG;
				SWIFT_OPTIMIZATION_LEVEL = "-Onone";
			};
			name = Debug;
		};
		767C0C32263C6D83005CD350 /* Release */ = {
			isa = XCBuildConfiguration;
			buildSettings = {
				ALWAYS_SEARCH_USER_PATHS = NO;
				CLANG_ANALYZER_NONNULL = YES;
				CLANG_ANALYZER_NUMBER_OBJECT_CONVERSION = YES_AGGRESSIVE;
				CLANG_CXX_LANGUAGE_STANDARD = "gnu++14";
				CLANG_CXX_LIBRARY = "libc++";
				CLANG_ENABLE_MODULES = YES;
				CLANG_ENABLE_OBJC_ARC = YES;
				CLANG_ENABLE_OBJC_WEAK = YES;
				CLANG_WARN_BLOCK_CAPTURE_AUTORELEASING = YES;
				CLANG_WARN_BOOL_CONVERSION = YES;
				CLANG_WARN_COMMA = YES;
				CLANG_WARN_CONSTANT_CONVERSION = YES;
				CLANG_WARN_DEPRECATED_OBJC_IMPLEMENTATIONS = YES;
				CLANG_WARN_DIRECT_OBJC_ISA_USAGE = YES_ERROR;
				CLANG_WARN_DOCUMENTATION_COMMENTS = YES;
				CLANG_WARN_EMPTY_BODY = YES;
				CLANG_WARN_ENUM_CONVERSION = YES;
				CLANG_WARN_INFINITE_RECURSION = YES;
				CLANG_WARN_INT_CONVERSION = YES;
				CLANG_WARN_NON_LITERAL_NULL_CONVERSION = YES;
				CLANG_WARN_OBJC_IMPLICIT_RETAIN_SELF = YES;
				CLANG_WARN_OBJC_LITERAL_CONVERSION = YES;
				CLANG_WARN_OBJC_ROOT_CLASS = YES_ERROR;
				CLANG_WARN_QUOTED_INCLUDE_IN_FRAMEWORK_HEADER = YES;
				CLANG_WARN_RANGE_LOOP_ANALYSIS = YES;
				CLANG_WARN_STRICT_PROTOTYPES = YES;
				CLANG_WARN_SUSPICIOUS_MOVE = YES;
				CLANG_WARN_UNGUARDED_AVAILABILITY = YES_AGGRESSIVE;
				CLANG_WARN_UNREACHABLE_CODE = YES;
				CLANG_WARN__DUPLICATE_METHOD_MATCH = YES;
				COPY_PHASE_STRIP = NO;
				DEBUG_INFORMATION_FORMAT = "dwarf-with-dsym";
				ENABLE_NS_ASSERTIONS = NO;
				ENABLE_STRICT_OBJC_MSGSEND = YES;
				GCC_C_LANGUAGE_STANDARD = gnu11;
				GCC_NO_COMMON_BLOCKS = YES;
				GCC_WARN_64_TO_32_BIT_CONVERSION = YES;
				GCC_WARN_ABOUT_RETURN_TYPE = YES_ERROR;
				GCC_WARN_UNDECLARED_SELECTOR = YES;
				GCC_WARN_UNINITIALIZED_AUTOS = YES_AGGRESSIVE;
				GCC_WARN_UNUSED_FUNCTION = YES;
				GCC_WARN_UNUSED_VARIABLE = YES;
				IPHONEOS_DEPLOYMENT_TARGET = 14.4;
				MTL_ENABLE_DEBUG_INFO = NO;
				MTL_FAST_MATH = YES;
				SDKROOT = iphoneos;
				SWIFT_COMPILATION_MODE = wholemodule;
				SWIFT_OPTIMIZATION_LEVEL = "-O";
				VALIDATE_PRODUCT = YES;
			};
			name = Release;
		};
		767C0C34263C6D83005CD350 /* Debug */ = {
			isa = XCBuildConfiguration;
			buildSettings = {
				ASSETCATALOG_COMPILER_APPICON_NAME = AppIcon;
				ASSETCATALOG_COMPILER_GLOBAL_ACCENT_COLOR_NAME = AccentColor;
				CODE_SIGN_STYLE = Automatic;
				DEVELOPMENT_TEAM = 75TYB5NUX6;
				INFOPLIST_FILE = TestantoAPI/Info.plist;
				LD_RUNPATH_SEARCH_PATHS = (
					"$(inherited)",
					"@executable_path/Frameworks",
				);
				PRODUCT_BUNDLE_IDENTIFIER = com.ronaldoallves.TestantoAPI;
				PRODUCT_NAME = "$(TARGET_NAME)";
				SWIFT_VERSION = 5.0;
				TARGETED_DEVICE_FAMILY = "1,2";
			};
			name = Debug;
		};
		767C0C35263C6D83005CD350 /* Release */ = {
			isa = XCBuildConfiguration;
			buildSettings = {
				ASSETCATALOG_COMPILER_APPICON_NAME = AppIcon;
				ASSETCATALOG_COMPILER_GLOBAL_ACCENT_COLOR_NAME = AccentColor;
				CODE_SIGN_STYLE = Automatic;
				DEVELOPMENT_TEAM = 75TYB5NUX6;
				INFOPLIST_FILE = TestantoAPI/Info.plist;
				LD_RUNPATH_SEARCH_PATHS = (
					"$(inherited)",
					"@executable_path/Frameworks",
				);
				PRODUCT_BUNDLE_IDENTIFIER = com.ronaldoallves.TestantoAPI;
				PRODUCT_NAME = "$(TARGET_NAME)";
				SWIFT_VERSION = 5.0;
				TARGETED_DEVICE_FAMILY = "1,2";
			};
			name = Release;
		};
/* End XCBuildConfiguration section */

/* Begin XCConfigurationList section */
		767C0C1A263C6D80005CD350 /* Build configuration list for PBXProject "TestantoAPI" */ = {
			isa = XCConfigurationList;
			buildConfigurations = (
				767C0C31263C6D83005CD350 /* Debug */,
				767C0C32263C6D83005CD350 /* Release */,
			);
			defaultConfigurationIsVisible = 0;
			defaultConfigurationName = Release;
		};
		767C0C33263C6D83005CD350 /* Build configuration list for PBXNativeTarget "TestantoAPI" */ = {
			isa = XCConfigurationList;
			buildConfigurations = (
				767C0C34263C6D83005CD350 /* Debug */,
				767C0C35263C6D83005CD350 /* Release */,
			);
			defaultConfigurationIsVisible = 0;
			defaultConfigurationName = Release;
		};
/* End XCConfigurationList section */
	};
	rootObject = 767C0C17263C6D80005CD350 /* Project object */;
}
